// !$*UTF8*$!
{
	archiveVersion = 1;
	classes = {
	};
	objectVersion = 46;
	objects = {

/* Begin PBXBuildFile section */
		AB0CAD831A89B19C00AF7A48 /* main.m in Sources */ = {isa = PBXBuildFile; fileRef = AB0CAD821A89B19C00AF7A48 /* main.m */; };
		AB0CAD861A89B19C00AF7A48 /* AppDelegate.m in Sources */ = {isa = PBXBuildFile; fileRef = AB0CAD851A89B19C00AF7A48 /* AppDelegate.m */; };
		AB0CAD891A89B19C00AF7A48 /* ViewController.m in Sources */ = {isa = PBXBuildFile; fileRef = AB0CAD881A89B19C00AF7A48 /* ViewController.m */; };
		AB0CAD8C1A89B19C00AF7A48 /* Main.storyboard in Resources */ = {isa = PBXBuildFile; fileRef = AB0CAD8A1A89B19C00AF7A48 /* Main.storyboard */; };
		AB0CAD8E1A89B19C00AF7A48 /* Images.xcassets in Resources */ = {isa = PBXBuildFile; fileRef = AB0CAD8D1A89B19C00AF7A48 /* Images.xcassets */; };
		AB0CAD911A89B19C00AF7A48 /* LaunchScreen.xib in Resources */ = {isa = PBXBuildFile; fileRef = AB0CAD8F1A89B19C00AF7A48 /* LaunchScreen.xib */; };
		AB0CAD9D1A89B19C00AF7A48 /* XGeometry_JSTests.m in Sources */ = {isa = PBXBuildFile; fileRef = AB0CAD9C1A89B19C00AF7A48 /* XGeometry_JSTests.m */; };
		AB0CADA81A89B1CB00AF7A48 /* Gemetry.m in Sources */ = {isa = PBXBuildFile; fileRef = AB0CADA71A89B1CB00AF7A48 /* Gemetry.m */; };
/* End PBXBuildFile section */

/* Begin PBXContainerItemProxy section */
		AB0CAD971A89B19C00AF7A48 /* PBXContainerItemProxy */ = {
			isa = PBXContainerItemProxy;
			containerPortal = AB0CAD751A89B19C00AF7A48 /* Project object */;
			proxyType = 1;
			remoteGlobalIDString = AB0CAD7C1A89B19C00AF7A48;
			remoteInfo = XGeometry_JS;
		};
/* End PBXContainerItemProxy section */

/* Begin PBXFileReference section */
		AB0CAD7D1A89B19C00AF7A48 /* XGeometry_JS.app */ = {isa = PBXFileReference; explicitFileType = wrapper.application; includeInIndex = 0; path = XGeometry_JS.app; sourceTree = BUILT_PRODUCTS_DIR; };
		AB0CAD811A89B19C00AF7A48 /* Info.plist */ = {isa = PBXFileReference; lastKnownFileType = text.plist.xml; path = Info.plist; sourceTree = "<group>"; };
		AB0CAD821A89B19C00AF7A48 /* main.m */ = {isa = PBXFileReference; lastKnownFileType = sourcecode.c.objc; path = main.m; sourceTree = "<group>"; };
		AB0CAD841A89B19C00AF7A48 /* AppDelegate.h */ = {isa = PBXFileReference; lastKnownFileType = sourcecode.c.h; path = AppDelegate.h; sourceTree = "<group>"; };
		AB0CAD851A89B19C00AF7A48 /* AppDelegate.m */ = {isa = PBXFileReference; lastKnownFileType = sourcecode.c.objc; path = AppDelegate.m; sourceTree = "<group>"; };
		AB0CAD871A89B19C00AF7A48 /* ViewController.h */ = {isa = PBXFileReference; lastKnownFileType = sourcecode.c.h; path = ViewController.h; sourceTree = "<group>"; };
		AB0CAD881A89B19C00AF7A48 /* ViewController.m */ = {isa = PBXFileReference; lastKnownFileType = sourcecode.c.objc; path = ViewController.m; sourceTree = "<group>"; };
		AB0CAD8B1A89B19C00AF7A48 /* Base */ = {isa = PBXFileReference; lastKnownFileType = file.storyboard; name = Base; path = Base.lproj/Main.storyboard; sourceTree = "<group>"; };
		AB0CAD8D1A89B19C00AF7A48 /* Images.xcassets */ = {isa = PBXFileReference; lastKnownFileType = folder.assetcatalog; path = Images.xcassets; sourceTree = "<group>"; };
		AB0CAD901A89B19C00AF7A48 /* Base */ = {isa = PBXFileReference; lastKnownFileType = file.xib; name = Base; path = Base.lproj/LaunchScreen.xib; sourceTree = "<group>"; };
		AB0CAD961A89B19C00AF7A48 /* XGeometry_JSTests.xctest */ = {isa = PBXFileReference; explicitFileType = wrapper.cfbundle; includeInIndex = 0; path = XGeometry_JSTests.xctest; sourceTree = BUILT_PRODUCTS_DIR; };
		AB0CAD9B1A89B19C00AF7A48 /* Info.plist */ = {isa = PBXFileReference; lastKnownFileType = text.plist.xml; path = Info.plist; sourceTree = "<group>"; };
		AB0CAD9C1A89B19C00AF7A48 /* XGeometry_JSTests.m */ = {isa = PBXFileReference; lastKnownFileType = sourcecode.c.objc; path = XGeometry_JSTests.m; sourceTree = "<group>"; };
		AB0CADA61A89B1CB00AF7A48 /* Gemetry.h */ = {isa = PBXFileReference; fileEncoding = 4; lastKnownFileType = sourcecode.c.h; path = Gemetry.h; sourceTree = "<group>"; };
		AB0CADA71A89B1CB00AF7A48 /* Gemetry.m */ = {isa = PBXFileReference; fileEncoding = 4; lastKnownFileType = sourcecode.c.objc; path = Gemetry.m; sourceTree = "<group>"; };
/* End PBXFileReference section */

/* Begin PBXFrameworksBuildPhase section */
		AB0CAD7A1A89B19C00AF7A48 /* Frameworks */ = {
			isa = PBXFrameworksBuildPhase;
			buildActionMask = 2147483647;
			files = (
			);
			runOnlyForDeploymentPostprocessing = 0;
		};
		AB0CAD931A89B19C00AF7A48 /* Frameworks */ = {
			isa = PBXFrameworksBuildPhase;
			buildActionMask = 2147483647;
			files = (
			);
			runOnlyForDeploymentPostprocessing = 0;
		};
/* End PBXFrameworksBuildPhase section */

/* Begin PBXGroup section */
		AB0CAD741A89B19C00AF7A48 = {
			isa = PBXGroup;
			children = (
				AB0CAD7F1A89B19C00AF7A48 /* XGeometry_JS */,
				AB0CAD991A89B19C00AF7A48 /* XGeometry_JSTests */,
				AB0CAD7E1A89B19C00AF7A48 /* Products */,
			);
			sourceTree = "<group>";
		};
		AB0CAD7E1A89B19C00AF7A48 /* Products */ = {
			isa = PBXGroup;
			children = (
				AB0CAD7D1A89B19C00AF7A48 /* XGeometry_JS.app */,
				AB0CAD961A89B19C00AF7A48 /* XGeometry_JSTests.xctest */,
			);
			name = Products;
			sourceTree = "<group>";
		};
		AB0CAD7F1A89B19C00AF7A48 /* XGeometry_JS */ = {
			isa = PBXGroup;
			children = (
				AB0CAD841A89B19C00AF7A48 /* AppDelegate.h */,
				AB0CAD851A89B19C00AF7A48 /* AppDelegate.m */,
				AB0CAD871A89B19C00AF7A48 /* ViewController.h */,
				AB0CAD881A89B19C00AF7A48 /* ViewController.m */,
				AB0CAD8A1A89B19C00AF7A48 /* Main.storyboard */,
				AB0CAD8D1A89B19C00AF7A48 /* Images.xcassets */,
				AB0CAD8F1A89B19C00AF7A48 /* LaunchScreen.xib */,
				AB0CAD801A89B19C00AF7A48 /* Supporting Files */,
			);
			path = XGeometry_JS;
			sourceTree = "<group>";
		};
		AB0CAD801A89B19C00AF7A48 /* Supporting Files */ = {
			isa = PBXGroup;
			children = (
				AB0CAD811A89B19C00AF7A48 /* Info.plist */,
				AB0CAD821A89B19C00AF7A48 /* main.m */,
				AB0CADA61A89B1CB00AF7A48 /* Gemetry.h */,
				AB0CADA71A89B1CB00AF7A48 /* Gemetry.m */,
			);
			name = "Supporting Files";
			sourceTree = "<group>";
		};
		AB0CAD991A89B19C00AF7A48 /* XGeometry_JSTests */ = {
			isa = PBXGroup;
			children = (
				AB0CAD9C1A89B19C00AF7A48 /* XGeometry_JSTests.m */,
				AB0CAD9A1A89B19C00AF7A48 /* Supporting Files */,
			);
			path = XGeometry_JSTests;
			sourceTree = "<group>";
		};
		AB0CAD9A1A89B19C00AF7A48 /* Supporting Files */ = {
			isa = PBXGroup;
			children = (
				AB0CAD9B1A89B19C00AF7A48 /* Info.plist */,
			);
			name = "Supporting Files";
			sourceTree = "<group>";
		};
/* End PBXGroup section */

/* Begin PBXNativeTarget section */
		AB0CAD7C1A89B19C00AF7A48 /* XGeometry_JS */ = {
			isa = PBXNativeTarget;
			buildConfigurationList = AB0CADA01A89B19C00AF7A48 /* Build configuration list for PBXNativeTarget "XGeometry_JS" */;
			buildPhases = (
				AB0CAD791A89B19C00AF7A48 /* Sources */,
				AB0CAD7A1A89B19C00AF7A48 /* Frameworks */,
				AB0CAD7B1A89B19C00AF7A48 /* Resources */,
			);
			buildRules = (
			);
			dependencies = (
			);
			name = XGeometry_JS;
			productName = XGeometry_JS;
			productReference = AB0CAD7D1A89B19C00AF7A48 /* XGeometry_JS.app */;
			productType = "com.apple.product-type.application";
		};
		AB0CAD951A89B19C00AF7A48 /* XGeometry_JSTests */ = {
			isa = PBXNativeTarget;
			buildConfigurationList = AB0CADA31A89B19C00AF7A48 /* Build configuration list for PBXNativeTarget "XGeometry_JSTests" */;
			buildPhases = (
				AB0CAD921A89B19C00AF7A48 /* Sources */,
				AB0CAD931A89B19C00AF7A48 /* Frameworks */,
				AB0CAD941A89B19C00AF7A48 /* Resources */,
			);
			buildRules = (
			);
			dependencies = (
				AB0CAD981A89B19C00AF7A48 /* PBXTargetDependency */,
			);
			name = XGeometry_JSTests;
			productName = XGeometry_JSTests;
			productReference = AB0CAD961A89B19C00AF7A48 /* XGeometry_JSTests.xctest */;
			productType = "com.apple.product-type.bundle.unit-test";
		};
/* End PBXNativeTarget section */

/* Begin PBXProject section */
		AB0CAD751A89B19C00AF7A48 /* Project object */ = {
			isa = PBXProject;
			attributes = {
				LastUpgradeCheck = 0610;
				ORGANIZATIONNAME = Humber;
				TargetAttributes = {
					AB0CAD7C1A89B19C00AF7A48 = {
						CreatedOnToolsVersion = 6.1.1;
					};
					AB0CAD951A89B19C00AF7A48 = {
						CreatedOnToolsVersion = 6.1.1;
						TestTargetID = AB0CAD7C1A89B19C00AF7A48;
					};
				};
			};
			buildConfigurationList = AB0CAD781A89B19C00AF7A48 /* Build configuration list for PBXProject "XGeometry_JS" */;
			compatibilityVersion = "Xcode 3.2";
			developmentRegion = English;
			hasScannedForEncodings = 0;
			knownRegions = (
				en,
				Base,
			);
			mainGroup = AB0CAD741A89B19C00AF7A48;
			productRefGroup = AB0CAD7E1A89B19C00AF7A48 /* Products */;
			projectDirPath = "";
			projectRoot = "";
			targets = (
				AB0CAD7C1A89B19C00AF7A48 /* XGeometry_JS */,
				AB0CAD951A89B19C00AF7A48 /* XGeometry_JSTests */,
			);
		};
/* End PBXProject section */

/* Begin PBXResourcesBuildPhase section */
		AB0CAD7B1A89B19C00AF7A48 /* Resources */ = {
			isa = PBXResourcesBuildPhase;
			buildActionMask = 2147483647;
			files = (
				AB0CAD8C1A89B19C00AF7A48 /* Main.storyboard in Resources */,
				AB0CAD911A89B19C00AF7A48 /* LaunchScreen.xib in Resources */,
				AB0CAD8E1A89B19C00AF7A48 /* Images.xcassets in Resources */,
			);
			runOnlyForDeploymentPostprocessing = 0;
		};
		AB0CAD941A89B19C00AF7A48 /* Resources */ = {
			isa = PBXResourcesBuildPhase;
			buildActionMask = 2147483647;
			files = (
			);
			runOnlyForDeploymentPostprocessing = 0;
		};
/* End PBXResourcesBuildPhase section */

/* Begin PBXSourcesBuildPhase section */
		AB0CAD791A89B19C00AF7A48 /* Sources */ = {
			isa = PBXSourcesBuildPhase;
			buildActionMask = 2147483647;
			files = (
				AB0CAD891A89B19C00AF7A48 /* ViewController.m in Sources */,
				AB0CADA81A89B1CB00AF7A48 /* Gemetry.m in Sources */,
				AB0CAD861A89B19C00AF7A48 /* AppDelegate.m in Sources */,
				AB0CAD831A89B19C00AF7A48 /* main.m in Sources */,
			);
			runOnlyForDeploymentPostprocessing = 0;
		};
		AB0CAD921A89B19C00AF7A48 /* Sources */ = {
			isa = PBXSourcesBuildPhase;
			buildActionMask = 2147483647;
			files = (
				AB0CAD9D1A89B19C00AF7A48 /* XGeometry_JSTests.m in Sources */,
			);
			runOnlyForDeploymentPostprocessing = 0;
		};
/* End PBXSourcesBuildPhase section */

/* Begin PBXTargetDependency section */
		AB0CAD981A89B19C00AF7A48 /* PBXTargetDependency */ = {
			isa = PBXTargetDependency;
			target = AB0CAD7C1A89B19C00AF7A48 /* XGeometry_JS */;
			targetProxy = AB0CAD971A89B19C00AF7A48 /* PBXContainerItemProxy */;
		};
/* End PBXTargetDependency section */

/* Begin PBXVariantGroup section */
		AB0CAD8A1A89B19C00AF7A48 /* Main.storyboard */ = {
			isa = PBXVariantGroup;
			children = (
				AB0CAD8B1A89B19C00AF7A48 /* Base */,
			);
			name = Main.storyboard;
			sourceTree = "<group>";
		};
		AB0CAD8F1A89B19C00AF7A48 /* LaunchScreen.xib */ = {
			isa = PBXVariantGroup;
			children = (
				AB0CAD901A89B19C00AF7A48 /* Base */,
			);
			name = LaunchScreen.xib;
			sourceTree = "<group>";
		};
/* End PBXVariantGroup section */

/* Begin XCBuildConfiguration section */
		AB0CAD9E1A89B19C00AF7A48 /* Debug */ = {
			isa = XCBuildConfiguration;
			buildSettings = {
				ALWAYS_SEARCH_USER_PATHS = NO;
				CLANG_CXX_LANGUAGE_STANDARD = "gnu++0x";
				CLANG_CXX_LIBRARY = "libc++";
				CLANG_ENABLE_MODULES = YES;
				CLANG_ENABLE_OBJC_ARC = YES;
				CLANG_WARN_BOOL_CONVERSION = YES;
				CLANG_WARN_CONSTANT_CONVERSION = YES;
				CLANG_WARN_DIRECT_OBJC_ISA_USAGE = YES_ERROR;
				CLANG_WARN_EMPTY_BODY = YES;
				CLANG_WARN_ENUM_CONVERSION = YES;
				CLANG_WARN_INT_CONVERSION = YES;
				CLANG_WARN_OBJC_ROOT_CLASS = YES_ERROR;
				CLANG_WARN_UNREACHABLE_CODE = YES;
				CLANG_WARN__DUPLICATE_METHOD_MATCH = YES;
				"CODE_SIGN_IDENTITY[sdk=iphoneos*]" = "iPhone Developer";
				COPY_PHASE_STRIP = NO;
				ENABLE_STRICT_OBJC_MSGSEND = YES;
				GCC_C_LANGUAGE_STANDARD = gnu99;
				GCC_DYNAMIC_NO_PIC = NO;
				GCC_OPTIMIZATION_LEVEL = 0;
				GCC_PREPROCESSOR_DEFINITIONS = (
					"DEBUG=1",
					"$(inherited)",
				);
				GCC_SYMBOLS_PRIVATE_EXTERN = NO;
				GCC_WARN_64_TO_32_BIT_CONVERSION = YES;
				GCC_WARN_ABOUT_RETURN_TYPE = YES_ERROR;
				GCC_WARN_UNDECLARED_SELECTOR = YES;
				GCC_WARN_UNINITIALIZED_AUTOS = YES_AGGRESSIVE;
				GCC_WARN_UNUSED_FUNCTION = YES;
				GCC_WARN_UNUSED_VARIABLE = YES;
				IPHONEOS_DEPLOYMENT_TARGET = 8.1;
				MTL_ENABLE_DEBUG_INFO = YES;
				ONLY_ACTIVE_ARCH = YES;
				SDKROOT = iphoneos;
				TARGETED_DEVICE_FAMILY = "1,2";
			};
			name = Debug;
		};
		AB0CAD9F1A89B19C00AF7A48 /* Release */ = {
			isa = XCBuildConfiguration;
			buildSettings = {
				ALWAYS_SEARCH_USER_PATHS = NO;
				CLANG_CXX_LANGUAGE_STANDARD = "gnu++0x";
				CLANG_CXX_LIBRARY = "libc++";
				CLANG_ENABLE_MODULES = YES;
				CLANG_ENABLE_OBJC_ARC = YES;
				CLANG_WARN_BOOL_CONVERSION = YES;
				CLANG_WARN_CONSTANT_CONVERSION = YES;
				CLANG_WARN_DIRECT_OBJC_ISA_USAGE = YES_ERROR;
				CLANG_WARN_EMPTY_BODY = YES;
				CLANG_WARN_ENUM_CONVERSION = YES;
				CLANG_WARN_INT_CONVERSION = YES;
				CLANG_WARN_OBJC_ROOT_CLASS = YES_ERROR;
				CLANG_WARN_UNREACHABLE_CODE = YES;
				CLANG_WARN__DUPLICATE_METHOD_MATCH = YES;
				"CODE_SIGN_IDENTITY[sdk=iphoneos*]" = "iPhone Developer";
				COPY_PHASE_STRIP = YES;
				ENABLE_NS_ASSERTIONS = NO;
				ENABLE_STRICT_OBJC_MSGSEND = YES;
				GCC_C_LANGUAGE_STANDARD = gnu99;
				GCC_WARN_64_TO_32_BIT_CONVERSION = YES;
				GCC_WARN_ABOUT_RETURN_TYPE = YES_ERROR;
				GCC_WARN_UNDECLARED_SELECTOR = YES;
				GCC_WARN_UNINITIALIZED_AUTOS = YES_AGGRESSIVE;
				GCC_WARN_UNUSED_FUNCTION = YES;
				GCC_WARN_UNUSED_VARIABLE = YES;
				IPHONEOS_DEPLOYMENT_TARGET = 8.1;
				MTL_ENABLE_DEBUG_INFO = NO;
				SDKROOT = iphoneos;
				TARGETED_DEVICE_FAMILY = "1,2";
				VALIDATE_PRODUCT = YES;
			};
			name = Release;
		};
		AB0CADA11A89B19C00AF7A48 /* Debug */ = {
			isa = XCBuildConfiguration;
			buildSettings = {
				ASSETCATALOG_COMPILER_APPICON_NAME = AppIcon;
				INFOPLIST_FILE = XGeometry_JS/Info.plist;
				LD_RUNPATH_SEARCH_PATHS = "$(inherited) @executable_path/Frameworks";
				PRODUCT_NAME = "$(TARGET_NAME)";
			};
			name = Debug;
		};
		AB0CADA21A89B19C00AF7A48 /* Release */ = {
			isa = XCBuildConfiguration;
			buildSettings = {
				ASSETCATALOG_COMPILER_APPICON_NAME = AppIcon;
				INFOPLIST_FILE = XGeometry_JS/Info.plist;
				LD_RUNPATH_SEARCH_PATHS = "$(inherited) @executable_path/Frameworks";
				PRODUCT_NAME = "$(TARGET_NAME)";
			};
			name = Release;
		};
		AB0CADA41A89B19C00AF7A48 /* Debug */ = {
			isa = XCBuildConfiguration;
			buildSettings = {
				BUNDLE_LOADER = "$(TEST_HOST)";
				FRAMEWORK_SEARCH_PATHS = (
					"$(SDKROOT)/Developer/Library/Frameworks",
					"$(inherited)",
				);
				GCC_PREPROCESSOR_DEFINITIONS = (
					"DEBUG=1",
					"$(inherited)",
				);
				INFOPLIST_FILE = XGeometry_JSTests/Info.plist;
				LD_RUNPATH_SEARCH_PATHS = "$(inherited) @executable_path/Frameworks @loader_path/Frameworks";
				PRODUCT_NAME = "$(TARGET_NAME)";
				TEST_HOST = "$(BUILT_PRODUCTS_DIR)/XGeometry_JS.app/XGeometry_JS";
			};
			name = Debug;
		};
		AB0CADA51A89B19C00AF7A48 /* Release */ = {
			isa = XCBuildConfiguration;
			buildSettings = {
				BUNDLE_LOADER = "$(TEST_HOST)";
				FRAMEWORK_SEARCH_PATHS = (
					"$(SDKROOT)/Developer/Library/Frameworks",
					"$(inherited)",
				);
				INFOPLIST_FILE = XGeometry_JSTests/Info.plist;
				LD_RUNPATH_SEARCH_PATHS = "$(inherited) @executable_path/Frameworks @loader_path/Frameworks";
				PRODUCT_NAME = "$(TARGET_NAME)";
				TEST_HOST = "$(BUILT_PRODUCTS_DIR)/XGeometry_JS.app/XGeometry_JS";
			};
			name = Release;
		};
/* End XCBuildConfiguration section */

/* Begin XCConfigurationList section */
		AB0CAD781A89B19C00AF7A48 /* Build configuration list for PBXProject "XGeometry_JS" */ = {
			isa = XCConfigurationList;
			buildConfigurations = (
				AB0CAD9E1A89B19C00AF7A48 /* Debug */,
				AB0CAD9F1A89B19C00AF7A48 /* Release */,
			);
			defaultConfigurationIsVisible = 0;
			defaultConfigurationName = Release;
		};
		AB0CADA01A89B19C00AF7A48 /* Build configuration list for PBXNativeTarget "XGeometry_JS" */ = {
			isa = XCConfigurationList;
			buildConfigurations = (
				AB0CADA11A89B19C00AF7A48 /* Debug */,
				AB0CADA21A89B19C00AF7A48 /* Release */,
			);
			defaultConfigurationIsVisible = 0;
		};
		AB0CADA31A89B19C00AF7A48 /* Build configuration list for PBXNativeTarget "XGeometry_JSTests" */ = {
			isa = XCConfigurationList;
			buildConfigurations = (
				AB0CADA41A89B19C00AF7A48 /* Debug */,
				AB0CADA51A89B19C00AF7A48 /* Release */,
			);
			defaultConfigurationIsVisible = 0;
		};
/* End XCConfigurationList section */
	};
	rootObject = AB0CAD751A89B19C00AF7A48 /* Project object */;
}
